
Microsoft Visual Studio Solution File, Format Version 12.00
# Visual Studio Version 17
VisualStudioVersion = 17.9.34723.18
MinimumVisualStudioVersion = 10.0.40219.1
Project("{9A19103F-16F7-4668-BE54-9A1E7A4F7556}") = "TesBlazor1", "TesBlazor1\TesBlazor1.csproj", "{0B3740E6-7387-4ABE-9370-1899F3140346}"
EndProject
Global
	GlobalSection(SolutionConfigurationPlatforms) = preSolution
		Debug|Any CPU = Debug|Any CPU
		Release|Any CPU = Release|Any CPU
	EndGlobalSection
	GlobalSection(ProjectConfigurationPlatforms) = postSolution
		{0B3740E6-7387-4ABE-9370-1899F3140346}.Debug|Any CPU.ActiveCfg = Debug|Any CPU
		{0B3740E6-7387-4ABE-9370-1899F3140346}.Debug|Any CPU.Build.0 = Debug|Any CPU
		{0B3740E6-7387-4ABE-9370-1899F3140346}.Release|Any CPU.ActiveCfg = Release|Any CPU
		{0B3740E6-7387-4ABE-9370-1899F3140346}.Release|Any CPU.Build.0 = Release|Any CPU
	EndGlobalSection
	GlobalSection(SolutionProperties) = preSolution
		HideSolutionNode = FALSE
	EndGlobalSection
	GlobalSection(ExtensibilityGlobals) = postSolution
		SolutionGuid = {0EE16B3F-545D-4126-81EC-FA2B7D4CD3EB}
	EndGlobalSection
EndGlobal
